
Microsoft Visual Studio Solution File, Format Version 12.00
# Visual Studio 15
VisualStudioVersion = 15.0.28307.572
MinimumVisualStudioVersion = 10.0.40219.1
Project("{9A19103F-16F7-4668-BE54-9A1E7A4F7556}") = "ControllerSystem", "ControllerSystem\ControllerSystem.csproj", "{FAA6606B-F4B5-4D62-80D6-6DBFC707A076}"
EndProject
Project("{FAE04EC0-301F-11D3-BF4B-00C04F79EFBC}") = "Domain", "Domain\Domain.csproj", "{A6AB20CB-2026-4E54-B6DD-4EF2D194CA0D}"
EndProject
Project("{FAE04EC0-301F-11D3-BF4B-00C04F79EFBC}") = "EntityFrameworkCore", "EntityFrameworkCore\EntityFrameworkCore.csproj", "{83AD62C1-398F-47D3-9962-47BC496C180A}"
EndProject
Project("{FAE04EC0-301F-11D3-BF4B-00C04F79EFBC}") = "Application", "Application\Application.csproj", "{C2DEF90A-B3EF-4DC5-A6AA-B7ACE6398E46}"
EndProject
Global
	GlobalSection(SolutionConfigurationPlatforms) = preSolution
		Debug|Any CPU = Debug|Any CPU
		Release|Any CPU = Release|Any CPU
	EndGlobalSection
	GlobalSection(ProjectConfigurationPlatforms) = postSolution
		{FAA6606B-F4B5-4D62-80D6-6DBFC707A076}.Debug|Any CPU.ActiveCfg = Debug|Any CPU
		{FAA6606B-F4B5-4D62-80D6-6DBFC707A076}.Debug|Any CPU.Build.0 = Debug|Any CPU
		{FAA6606B-F4B5-4D62-80D6-6DBFC707A076}.Release|Any CPU.ActiveCfg = Release|Any CPU
		{FAA6606B-F4B5-4D62-80D6-6DBFC707A076}.Release|Any CPU.Build.0 = Release|Any CPU
		{A6AB20CB-2026-4E54-B6DD-4EF2D194CA0D}.Debug|Any CPU.ActiveCfg = Debug|Any CPU
		{A6AB20CB-2026-4E54-B6DD-4EF2D194CA0D}.Debug|Any CPU.Build.0 = Debug|Any CPU
		{A6AB20CB-2026-4E54-B6DD-4EF2D194CA0D}.Release|Any CPU.ActiveCfg = Release|Any CPU
		{A6AB20CB-2026-4E54-B6DD-4EF2D194CA0D}.Release|Any CPU.Build.0 = Release|Any CPU
		{83AD62C1-398F-47D3-9962-47BC496C180A}.Debug|Any CPU.ActiveCfg = Debug|Any CPU
		{83AD62C1-398F-47D3-9962-47BC496C180A}.Debug|Any CPU.Build.0 = Debug|Any CPU
		{83AD62C1-398F-47D3-9962-47BC496C180A}.Release|Any CPU.ActiveCfg = Release|Any CPU
		{83AD62C1-398F-47D3-9962-47BC496C180A}.Release|Any CPU.Build.0 = Release|Any CPU
		{C2DEF90A-B3EF-4DC5-A6AA-B7ACE6398E46}.Debug|Any CPU.ActiveCfg = Debug|Any CPU
		{C2DEF90A-B3EF-4DC5-A6AA-B7ACE6398E46}.Debug|Any CPU.Build.0 = Debug|Any CPU
		{C2DEF90A-B3EF-4DC5-A6AA-B7ACE6398E46}.Release|Any CPU.ActiveCfg = Release|Any CPU
		{C2DEF90A-B3EF-4DC5-A6AA-B7ACE6398E46}.Release|Any CPU.Build.0 = Release|Any CPU
	EndGlobalSection
	GlobalSection(SolutionProperties) = preSolution
		HideSolutionNode = FALSE
	EndGlobalSection
	GlobalSection(ExtensibilityGlobals) = postSolution
		SolutionGuid = {95B9710E-B4D2-47FB-B868-D62C029B71BC}
	EndGlobalSection
EndGlobal
